
Microsoft Visual Studio Solution File, Format Version 12.00
# Visual Studio Version 16
VisualStudioVersion = 16.0.31624.102
MinimumVisualStudioVersion = 10.0.40219.1
Project("{FAE04EC0-301F-11D3-BF4B-00C04F79EFBC}") = "20104681JoshMkhariPOE", "20104681JoshMkhariPOE.csproj", "{DA26763C-DF75-4570-9BF6-B6C7056C1B57}"
EndProject
Global
	GlobalSection(SolutionConfigurationPlatforms) = preSolution
		Debug|Any CPU = Debug|Any CPU
		Release|Any CPU = Release|Any CPU
	EndGlobalSection
	GlobalSection(ProjectConfigurationPlatforms) = postSolution
		{DA26763C-DF75-4570-9BF6-B6C7056C1B57}.Debug|Any CPU.ActiveCfg = Debug|Any CPU
		{DA26763C-DF75-4570-9BF6-B6C7056C1B57}.Debug|Any CPU.Build.0 = Debug|Any CPU
		{DA26763C-DF75-4570-9BF6-B6C7056C1B57}.Release|Any CPU.ActiveCfg = Release|Any CPU
		{DA26763C-DF75-4570-9BF6-B6C7056C1B57}.Release|Any CPU.Build.0 = Release|Any CPU
	EndGlobalSection
	GlobalSection(SolutionProperties) = preSolution
		HideSolutionNode = FALSE
	EndGlobalSection
	GlobalSection(ExtensibilityGlobals) = postSolution
		SolutionGuid = {AE503B39-D9D1-4B14-BD02-316BE54FB7EA}
	EndGlobalSection
EndGlobal
